{
  "name": "ionic-express-sequelize-multer-photos",
  "lockfileVersion": 2,
  "requires": true,
  "packages": {
    "": {
      "dependencies": {
        "@capacitor/camera": "^4.1.2",
        "@ionic/pwa-elements": "^3.1.1"
      }
    },
    "node_modules/@capacitor/camera": {
      "version": "4.1.2",
      "resolved": "https://registry.npmjs.org/@capacitor/camera/-/camera-4.1.2.tgz",
      "integrity": "sha512-YJMw8sflNj3aa9jSqOgSKOhjKNjc6fb1wxdVMW7Ek6SWsykbcAMWRkecOsSqPNPyDbNRBiwB8P5ZuUC8ZwRm0A==",
      "peerDependencies": {
        "@capacitor/core": "^4.0.0"
      }
    },
    "node_modules/@capacitor/core": {
      "version": "4.3.0",
      "resolved": "https://registry.npmjs.org/@capacitor/core/-/core-4.3.0.tgz",
      "integrity": "sha512-zb225feaiHYcttHqw7SnKVj9gjOh3yoM2ol0Efky4kd80qZvqPHt7nRI1XZmGUKid5j3AVggULd5rRke5OEOXQ==",
      "peer": true,
      "dependencies": {
        "tslib": "^2.1.0"
      }
    },
    "node_modules/@ionic/pwa-elements": {
      "version": "3.1.1",
      "resolved": "https://registry.npmjs.org/@ionic/pwa-elements/-/pwa-elements-3.1.1.tgz",
      "integrity": "sha512-BoEX1pSrKn5dP4VQwaf8DweAmT4ynmpW+9f6oj/W1xLe54bmuXcUY07ziuZX1DLu50xHSYcO5qJ/dbYC/w6wgA=="
    },
    "node_modules/tslib": {
      "version": "2.4.0",
      "resolved": "https://registry.npmjs.org/tslib/-/tslib-2.4.0.tgz",
      "integrity": "sha512-d6xOpEDfsi2CZVlPQzGeux8XMwLT9hssAsaPYExaQMuYskwb+x1x7J371tWlbBdWHroy99KnVB6qIkUbs5X3UQ==",
      "peer": true
    }
  },
  "dependencies": {
    "@capacitor/camera": {
      "version": "4.1.2",
      "resolved": "https://registry.npmjs.org/@capacitor/camera/-/camera-4.1.2.tgz",
      "integrity": "sha512-YJMw8sflNj3aa9jSqOgSKOhjKNjc6fb1wxdVMW7Ek6SWsykbcAMWRkecOsSqPNPyDbNRBiwB8P5ZuUC8ZwRm0A==",
      "requires": {}
    },
    "@capacitor/core": {
      "version": "4.3.0",
      "resolved": "https://registry.npmjs.org/@capacitor/core/-/core-4.3.0.tgz",
      "integrity": "sha512-zb225feaiHYcttHqw7SnKVj9gjOh3yoM2ol0Efky4kd80qZvqPHt7nRI1XZmGUKid5j3AVggULd5rRke5OEOXQ==",
      "peer": true,
      "requires": {
        "tslib": "^2.1.0"
      }
    },
    "@ionic/pwa-elements": {
      "version": "3.1.1",
      "resolved": "https://registry.npmjs.org/@ionic/pwa-elements/-/pwa-elements-3.1.1.tgz",
      "integrity": "sha512-BoEX1pSrKn5dP4VQwaf8DweAmT4ynmpW+9f6oj/W1xLe54bmuXcUY07ziuZX1DLu50xHSYcO5qJ/dbYC/w6wgA=="
    },
    "tslib": {
      "version": "2.4.0",
      "resolved": "https://registry.npmjs.org/tslib/-/tslib-2.4.0.tgz",
      "integrity": "sha512-d6xOpEDfsi2CZVlPQzGeux8XMwLT9hssAsaPYExaQMuYskwb+x1x7J371tWlbBdWHroy99KnVB6qIkUbs5X3UQ==",
      "peer": true
    }
  }
}
